{
  "name": "@psu-ooe/static-site-generator",
  "version": "1.0.0",
  "lockfileVersion": 3,
  "requires": true,
  "packages": {
    "": {
      "name": "@psu-ooe/static-site-generator",
      "version": "1.0.0",
      "license": "ISC",
      "dependencies": {
        "@psu-ooe/announcement": "^2.0.0",
        "@psu-ooe/background-container": "^3.1.0",
        "@psu-ooe/base": "^2.1.0",
        "@psu-ooe/breadcrumbs": "^2.0.0",
        "@psu-ooe/callout": "^1.0.0",
        "@psu-ooe/grid": "^1.2.2",
        "@psu-ooe/header": "^1.0.0",
        "@psu-ooe/heading": "^2.0.1",
        "@psu-ooe/horizontal-menu": "^2.0.0",
        "@psu-ooe/navigation-tile": "^2.0.0",
        "@psu-ooe/page-title": "^1.0.1",
        "@psu-ooe/page-title-banner-image": "^1.0.0",
        "@psu-ooe/page-title-banner-plain": "^1.0.0",
        "@psu-ooe/skip-link": "^2.0.0",
        "@psu-ooe/social-icon": "^2.0.0",
        "@psu-ooe/social-icons": "^2.0.0",
        "@psu-ooe/vertical-menu": "^2.0.0"
      }
    },
    "node_modules/@psu-ooe/announcement": {
      "version": "2.0.0",
      "resolved": "https://npm.pkg.github.com/download/@psu-ooe/announcement/2.0.0/f8cd6385c65c7b8cf9844511bb7119b16611f4cf",
      "integrity": "sha512-sZzTADEvxuA7clZb2iVTjzr45eNbMRzOLucS0phb1fIx60of49lREu5Md7oIoqNJ1Gyp6SHnEEVp6QlXmdb45g==",
      "dependencies": {
        "@psu-ooe/base": "^2.0",
        "@psu-ooe/sprite": "^2.0"
      }
    },
    "node_modules/@psu-ooe/background-container": {
      "version": "3.1.0",
      "resolved": "https://npm.pkg.github.com/download/@psu-ooe/background-container/3.1.0/30b3cbaa7ec7384bf5a3ded5feea21a9fa1f8eff",
      "integrity": "sha512-JrLpnsBcZB9c//gDKdT81Nnpgdb//r3t+hY49EGY9/gOQ5HQQlC9agTzxjsUBqYQpOE+Ab9KxPrOUqlBmrRA1w==",
      "dependencies": {
        "@psu-ooe/base": "^2.0",
        "@psu-ooe/sprite": "^2.0"
      }
    },
    "node_modules/@psu-ooe/base": {
      "version": "2.1.0",
      "resolved": "https://npm.pkg.github.com/download/@psu-ooe/base/2.1.0/2c5e436ff64edd287cd094f8527a63aae63e1216",
      "integrity": "sha512-1qn57vP2YRVBbnQf1RNRaBMKR+EZOd4VaZe3PkfELNVxlsEa7FVIPY2mLFUxGDoMPfkPp8J4mt0sx0Sb9VyplQ==",
      "dependencies": {
        "@psu-ooe/webfonts": "^2.0"
      }
    },
    "node_modules/@psu-ooe/breadcrumbs": {
      "version": "2.0.0",
      "resolved": "https://npm.pkg.github.com/download/@psu-ooe/breadcrumbs/2.0.0/d1c2cc8d5f211c284189fc8df6b29034d740bfa9",
      "integrity": "sha512-Z0602gKS5HCkA/Kmx6DvG/7FPmV8LzZi8zH3rdRnIBi7ZzxYT4651xITRWoxUagPTnVQXpvTUWvcawhDSdd3HQ==",
      "dependencies": {
        "@psu-ooe/base": "^2.0",
        "@psu-ooe/sprite": "^2.0"
      }
    },
    "node_modules/@psu-ooe/callout": {
      "version": "1.0.0",
      "resolved": "https://npm.pkg.github.com/download/@psu-ooe/callout/1.0.0/23592f457885b339580221fc589c0fd93b255983",
      "integrity": "sha512-gNV0Wv/lUOG3P0YIJuZinexxYLfGXkmG1UaBkYnscAmlDPixOZVuGP/VqNdzbBp7FB9i0V4Q2GmdZIEygr9vdQ==",
      "dependencies": {
        "@psu-ooe/base": "^2.0"
      }
    },
    "node_modules/@psu-ooe/grid": {
      "version": "1.2.2",
      "resolved": "https://npm.pkg.github.com/download/@psu-ooe/grid/1.2.2/4f82e1c7994b24d35a4ea79763bc9882f002da97",
      "integrity": "sha512-LB/1ZEwO7N5tjcE9aBmXK1XZ/3BBrDRl2B/vARq9OCf/EMYjlgemM7H1TMxiFutpQJzXCWLoALN2dkzmzwh0PA==",
      "dependencies": {
        "@psu-ooe/base": "^1.0 || ^2.0"
      }
    },
    "node_modules/@psu-ooe/header": {
      "version": "1.0.0",
      "resolved": "https://npm.pkg.github.com/download/@psu-ooe/header/1.0.0/bb17d9d6852341278802ee6cd7d072e2714479f8",
      "integrity": "sha512-Uo2IRkwcyn0WWSK16bmKS68Fg2RthETeu4Oi6Rm3ZU1xPbxhN33hDWNZDsn5FRnli6m9TcVKgFHejveP03MvHw==",
      "dependencies": {
        "@psu-ooe/base": "^2.0",
        "@psu-ooe/sprite": "^2.0"
      }
    },
    "node_modules/@psu-ooe/heading": {
      "version": "2.0.1",
      "resolved": "https://npm.pkg.github.com/download/@psu-ooe/heading/2.0.1/dfec9135add80888823749423d690746af94cce6",
      "integrity": "sha512-eaoiuQuP50E6SUGWj9D8yuIQvP+EJerBKmsvCQfY2EEbd8yOSIMtj17Ag1Q+Argsaz+p5hSirRTNq8zC5jrDow==",
      "dependencies": {
        "@psu-ooe/base": "^2.0"
      }
    },
    "node_modules/@psu-ooe/horizontal-menu": {
      "version": "2.0.0",
      "resolved": "https://npm.pkg.github.com/download/@psu-ooe/horizontal-menu/2.0.0/0366bdcb88a91a8e8f7f23429486ccaf0ab40d67",
      "integrity": "sha512-YpJHFJD2hpSvC166qz50eIyagfPowvno11rbHN3uFDcBtiG+4apxdrjWg/gcj3ewi4IPf0R+SQco+GKdbeKnSA==",
      "dependencies": {
        "@psu-ooe/base": "^2.0",
        "@psu-ooe/sprite": "^2.0"
      }
    },
    "node_modules/@psu-ooe/navigation-tile": {
      "version": "2.0.0",
      "resolved": "https://npm.pkg.github.com/download/@psu-ooe/navigation-tile/2.0.0/ea93cbbfee2a6a726a2113de26f5cb7aa30d598c",
      "integrity": "sha512-94V5p9u1Fy/1yk9YFHwS5wH1EBYX2HS8c8OeMHf5rv+9mtyBmPpHdyWWNz3LfsjfJOtvZKeqfgvRatBnHquJhA==",
      "dependencies": {
        "@psu-ooe/base": "^2.0"
      }
    },
    "node_modules/@psu-ooe/page-title": {
      "version": "1.0.1",
      "resolved": "https://npm.pkg.github.com/download/@psu-ooe/page-title/1.0.1/f344b244ec6ba2ac211fefb96b371507e8c26cbf",
      "integrity": "sha512-xlBfua/NCFbKpB/m/ZzsqM4xSqCAbdP95tkcf/+saN7FCGtPqp90+QuimEWGZldjQRWRm5wnqe51OKNB6V+Frg==",
      "dependencies": {
        "@psu-ooe/base": "^2.0",
        "@psu-ooe/heading": "^2.0"
      }
    },
    "node_modules/@psu-ooe/page-title-banner-image": {
      "version": "1.0.0",
      "resolved": "https://npm.pkg.github.com/download/@psu-ooe/page-title-banner-image/1.0.0/d6174d594a589c8bb667906c264479f027776eb3",
      "integrity": "sha512-adZdBjwypVU9jZO1+/kp30q75oOte/GbYShC1uhXjxn6/SLTWz/YbqUp8aenrfIhXj5o5DoPZpmncDf5koVHkg==",
      "dependencies": {
        "@psu-ooe/base": "^2.0",
        "@psu-ooe/page-title": "^1.0",
        "@psu-ooe/sprite": "^2.0"
      }
    },
    "node_modules/@psu-ooe/page-title-banner-plain": {
      "version": "1.0.0",
      "resolved": "https://npm.pkg.github.com/download/@psu-ooe/page-title-banner-plain/1.0.0/44415066cb5e0f94942385cdbef91a82e689a801",
      "integrity": "sha512-rr/SJ52jx3ooR4+llW3UIfslc6Cgkww6dHXwgFAW/7ov5z2UtnvB3DkisjKlnaxgRC6ZTP6UUYMuXx2tttjgWA==",
      "dependencies": {
        "@psu-ooe/base": "^2.0",
        "@psu-ooe/page-title": "^1.0",
        "@psu-ooe/sprite": "^2.0"
      }
    },
    "node_modules/@psu-ooe/skip-link": {
      "version": "2.0.0",
      "resolved": "https://npm.pkg.github.com/download/@psu-ooe/skip-link/2.0.0/eff18abf1e06eea4428d7f4f11a901982c461700",
      "integrity": "sha512-EeoZJV4s8LQp+maSlmEcMrpP2ZBHAFyAWou1VD8a0zvUT6DEDw2YdR5zWUr+dxxBtU0arSAFewlClSPUYA3+sg==",
      "dependencies": {
        "@psu-ooe/base": "^2.0"
      }
    },
    "node_modules/@psu-ooe/slide-toggle": {
      "version": "1.0.0",
      "resolved": "https://npm.pkg.github.com/download/@psu-ooe/slide-toggle/1.0.0/73c8bed8b5787a9c5120b05a600d4dea9e484493",
      "integrity": "sha512-NEChfGK8yR+ZgNtYuGMds/aSO0TY5KwiSs+kQB+NHFJTKoI3zAs9wyjVOBONbDED6KX/n19fDgBdwQACBphxMA=="
    },
    "node_modules/@psu-ooe/social-icon": {
      "version": "2.0.0",
      "resolved": "https://npm.pkg.github.com/download/@psu-ooe/social-icon/2.0.0/37f0194d300ae6e6eb32460a4dd97583f0d93770",
      "integrity": "sha512-IzrEBTH/pqEAeJCGA3k4ViU1zWajIG7wDuE/wXnucaQnXvYWzKw+JB4SrqK1CDgk0CSUofsnfJJLviBP6VHCwg==",
      "dependencies": {
        "@psu-ooe/base": "^2.0",
        "@psu-ooe/sprite": "^2.0"
      }
    },
    "node_modules/@psu-ooe/social-icons": {
      "version": "2.0.0",
      "resolved": "https://npm.pkg.github.com/download/@psu-ooe/social-icons/2.0.0/09a60e106cc8539b6df8cfd5f143cb64a7fa97f2",
      "integrity": "sha512-W9Kq3NskmSLO0+8s5EeDQJLnT8LkNNtCJQiNIZXAh59+YSRu8Xzp6Zh/FuTN+NuCGGILu+owaGeYvKKNLkximw==",
      "dependencies": {
        "@psu-ooe/base": "^2.0",
        "@psu-ooe/social-icon": "^2.0"
      }
    },
    "node_modules/@psu-ooe/sprite": {
      "version": "2.0.2",
      "resolved": "https://npm.pkg.github.com/download/@psu-ooe/sprite/2.0.2/48ddd9896904a976fa3ec09760a2c63c03b03801",
      "integrity": "sha512-dByf/qxP6Mqx9GR3mNJD+tDri+MfZaAstLCnyrd887iPHgZ/dCbf10m0r4Jl2ZIMpDhobB6O0a39YUB+bjfYHQ==",
      "dependencies": {
        "@psu-ooe/base": "^2.0"
      }
    },
    "node_modules/@psu-ooe/vertical-menu": {
      "version": "2.0.0",
      "resolved": "https://npm.pkg.github.com/download/@psu-ooe/vertical-menu/2.0.0/b074e04b2ead0305c89be38b9db6444e082e1ba4",
      "integrity": "sha512-ydfI3WqLSwn9JMfgBn1wf/4m9CxLIHZJGM4Id71etukrGwNYmG9Xx1uXuZml3MIjB7uiJXEgyDxItqAp8JZGkw==",
      "dependencies": {
        "@psu-ooe/base": "^2.0",
        "@psu-ooe/slide-toggle": "^1.0",
        "@psu-ooe/sprite": "^2.0"
      }
    },
    "node_modules/@psu-ooe/webfonts": {
      "version": "2.0.1",
      "resolved": "https://npm.pkg.github.com/download/@psu-ooe/webfonts/2.0.1/89907b9541c96fa553c8573e9cd2a92e7790e102",
      "integrity": "sha512-edfi2X5UrVoW6rYaAeilrNB7AHGZxmgeUro9gS3d0sSVWMBt2I+HIYKlrm+n7cVEBzqZrPLv0DHeHQHnKbDsfw=="
    }
  }
}
