{
  "name": "@psu-ooe/static-site-generator",
  "version": "1.0.0",
  "lockfileVersion": 3,
  "requires": true,
  "packages": {
    "": {
      "name": "@psu-ooe/static-site-generator",
      "version": "1.0.0",
      "license": "ISC",
      "dependencies": {
        "@psu-ooe/accordion": "^2.0.0",
        "@psu-ooe/alert": "^1.1.0",
        "@psu-ooe/announcement": "^2.0.0",
        "@psu-ooe/background-container": "^3.1.0",
        "@psu-ooe/base": "^2.1.0",
        "@psu-ooe/bio": "^2.0.0",
        "@psu-ooe/bio-collection": "^2.0.0",
        "@psu-ooe/breadcrumbs": "^2.0.0",
        "@psu-ooe/callout": "^1.0.0",
        "@psu-ooe/card": "^2.0.0",
        "@psu-ooe/cards-list": "^2.0.0",
        "@psu-ooe/compact-menu": "^1.0.0",
        "@psu-ooe/credential": "^2.0.0",
        "@psu-ooe/details": "^1.0.0",
        "@psu-ooe/divider": "^2.0.0",
        "@psu-ooe/event-link": "^2.0.0",
        "@psu-ooe/grid": "^1.2.2",
        "@psu-ooe/header": "^1.0.0",
        "@psu-ooe/heading": "^2.0.1",
        "@psu-ooe/horizontal-menu": "^2.0.0",
        "@psu-ooe/icon-list": "^2.0.0",
        "@psu-ooe/navigation-tile": "^2.0.0",
        "@psu-ooe/page-title": "^1.0.1",
        "@psu-ooe/page-title-banner-image": "^1.0.0",
        "@psu-ooe/page-title-banner-plain": "^1.0.0",
        "@psu-ooe/read-more": "^2.0.2",
        "@psu-ooe/skip-link": "^2.0.0",
        "@psu-ooe/social-icon": "^2.0.0",
        "@psu-ooe/social-icons": "^2.0.0",
        "@psu-ooe/tabs": "^3.0.0",
        "@psu-ooe/vertical-menu": "^2.0.0"
      }
    },
    "node_modules/@psu-ooe/accordion": {
      "version": "2.0.0",
      "resolved": "https://npm.pkg.github.com/download/@psu-ooe/accordion/2.0.0/1f6d76e365a1783c7a9eaf5004c9ea167bd1b9db",
      "integrity": "sha512-ZzDpgt3Dir0gxGLJ7xhbiJokVp1qiQrjjSAaQtJNkqqjgO8nUYRFEnhLy51tsWf4Yqigp0suTDP5tSY7S3mtrA==",
      "dependencies": {
        "@psu-ooe/base": "^2.0",
        "@psu-ooe/heading": "^2.0",
        "@psu-ooe/slide-toggle": "^1.0",
        "@psu-ooe/sprite": "^2.0"
      }
    },
    "node_modules/@psu-ooe/alert": {
      "version": "1.1.0",
      "resolved": "https://npm.pkg.github.com/download/@psu-ooe/alert/1.1.0/187de940cd43b79bf6efeca7e3a6597261ad631f",
      "integrity": "sha512-4cRQ09OgcfYMOT8myBu/x9RyH1x40DnN5HZ97xsSN3eMYbCsB2dkEcgfXIS3j6GDx9ZuUCi1+cBSkzuW6R41+g==",
      "dependencies": {
        "@psu-ooe/base": "^1.0 || ^2.0",
        "@psu-ooe/sprite": "^1.0 || ^2.0"
      }
    },
    "node_modules/@psu-ooe/announcement": {
      "version": "2.0.0",
      "resolved": "https://npm.pkg.github.com/download/@psu-ooe/announcement/2.0.0/f8cd6385c65c7b8cf9844511bb7119b16611f4cf",
      "integrity": "sha512-sZzTADEvxuA7clZb2iVTjzr45eNbMRzOLucS0phb1fIx60of49lREu5Md7oIoqNJ1Gyp6SHnEEVp6QlXmdb45g==",
      "dependencies": {
        "@psu-ooe/base": "^2.0",
        "@psu-ooe/sprite": "^2.0"
      }
    },
    "node_modules/@psu-ooe/auto-expansion": {
      "version": "1.0.0",
      "resolved": "https://npm.pkg.github.com/download/@psu-ooe/auto-expansion/1.0.0/16e47fbbd811a84bf573c0324b9b3de81ba0e6fc",
      "integrity": "sha512-aiMuvdWChpZeYMElw/z1Be8RYQhsR2a0K5iVIhKv4BQ5UlHNBdGjU0gDXjh0xMoqQpNqp8H49poZoZK/0z0jQQ=="
    },
    "node_modules/@psu-ooe/background-container": {
      "version": "3.1.0",
      "resolved": "https://npm.pkg.github.com/download/@psu-ooe/background-container/3.1.0/30b3cbaa7ec7384bf5a3ded5feea21a9fa1f8eff",
      "integrity": "sha512-JrLpnsBcZB9c//gDKdT81Nnpgdb//r3t+hY49EGY9/gOQ5HQQlC9agTzxjsUBqYQpOE+Ab9KxPrOUqlBmrRA1w==",
      "dependencies": {
        "@psu-ooe/base": "^2.0",
        "@psu-ooe/sprite": "^2.0"
      }
    },
    "node_modules/@psu-ooe/base": {
      "version": "2.2.0",
      "resolved": "https://npm.pkg.github.com/download/@psu-ooe/base/2.2.0/edd632027e19453e03dcbb8c7bca816d8b444b88",
      "integrity": "sha512-DK+PjgVNGLlceAzuP7ZOPJoaurAUfy8KKCyAIqYNTkNZL+H4u0jr/XHCfUg2s8UBfYXd+vC4wtZxbwI9C78UAg==",
      "dependencies": {
        "@psu-ooe/webfonts": "^2.0"
      }
    },
    "node_modules/@psu-ooe/bio": {
      "version": "2.0.0",
      "resolved": "https://npm.pkg.github.com/download/@psu-ooe/bio/2.0.0/ffcce8c9d18766f931dc9fdce3cc5a1c85f546e2",
      "integrity": "sha512-eJ/1vbYDgkbR+F+hyBlgrdktLd96nELhl5B7oTaPkgUiePGTUJN5HCoo2MEyzD5XCXfG/DqDHrEAqSyQzYXE4w==",
      "dependencies": {
        "@psu-ooe/credential": "^1.0 || ^2.0",
        "@psu-ooe/heading": "^1.0 || ^2.0",
        "@psu-ooe/read-more": "^1.0 || ^2.0"
      }
    },
    "node_modules/@psu-ooe/bio-collection": {
      "version": "2.0.0",
      "resolved": "https://npm.pkg.github.com/download/@psu-ooe/bio-collection/2.0.0/67444acb75820ef28e7f98bee9dad750ecf0d52e",
      "integrity": "sha512-0J4sBSH4RGX5bYpM7kwbQ8Ouin/nTYtsEK4gOo6+iYFggPWpSQ9ctBuD1vmqKgLcANChyNMzlRawTlHsc1NQ3g==",
      "dependencies": {
        "@psu-ooe/bio": "^1.0 || 2.0"
      }
    },
    "node_modules/@psu-ooe/breadcrumbs": {
      "version": "2.0.0",
      "resolved": "https://npm.pkg.github.com/download/@psu-ooe/breadcrumbs/2.0.0/d1c2cc8d5f211c284189fc8df6b29034d740bfa9",
      "integrity": "sha512-Z0602gKS5HCkA/Kmx6DvG/7FPmV8LzZi8zH3rdRnIBi7ZzxYT4651xITRWoxUagPTnVQXpvTUWvcawhDSdd3HQ==",
      "dependencies": {
        "@psu-ooe/base": "^2.0",
        "@psu-ooe/sprite": "^2.0"
      }
    },
    "node_modules/@psu-ooe/callout": {
      "version": "1.0.0",
      "resolved": "https://npm.pkg.github.com/download/@psu-ooe/callout/1.0.0/23592f457885b339580221fc589c0fd93b255983",
      "integrity": "sha512-gNV0Wv/lUOG3P0YIJuZinexxYLfGXkmG1UaBkYnscAmlDPixOZVuGP/VqNdzbBp7FB9i0V4Q2GmdZIEygr9vdQ==",
      "dependencies": {
        "@psu-ooe/base": "^2.0"
      }
    },
    "node_modules/@psu-ooe/card": {
      "version": "2.0.0",
      "resolved": "https://npm.pkg.github.com/download/@psu-ooe/card/2.0.0/59c4086d8740bd8519b0a1891578128e10002d73",
      "integrity": "sha512-JOBedukKRUfBdTM0QLa+nAEefiuqYf0WsmhX7kuV/gTnVgFMEEb9Wk0rKnPmimSiyvA9IjtfCxbTmVztPVaOVA==",
      "dependencies": {
        "@psu-ooe/base": "^2.0",
        "@psu-ooe/sprite": "^2.0"
      }
    },
    "node_modules/@psu-ooe/cards-list": {
      "version": "2.0.0",
      "resolved": "https://npm.pkg.github.com/download/@psu-ooe/cards-list/2.0.0/2a8436f1226197153875c3a7e21afe750acff6eb",
      "integrity": "sha512-l4veIekyIf54kLGHazbV1swWJZ3xvPjVTK4d6tCqrn3j9Fwn4ANnGO35u6JHdtSc9eL6blZFnV/5XdIrCH6jEw==",
      "dependencies": {
        "@psu-ooe/base": "^2.0",
        "@psu-ooe/card": "^2.0",
        "@psu-ooe/expandable-section": "^1.0"
      }
    },
    "node_modules/@psu-ooe/compact-menu": {
      "version": "1.0.0",
      "resolved": "https://npm.pkg.github.com/download/@psu-ooe/compact-menu/1.0.0/44f72445792689f89f638b9a4ed527105af5d075",
      "integrity": "sha512-QtSmDcxPOd+hLAmswPXs7ZiM+rSRBGfvfvTGas0/iiM3BnEoD3nn/AmN6d1SJ7gaxNUE7mqp21+jUPxmyAmxtw==",
      "dependencies": {
        "@psu-ooe/base": "^2.0.0",
        "@psu-ooe/drop-button": "^3.0.0",
        "@psu-ooe/sprite": "^2.0.0",
        "@psu-ooe/vertical-menu": "^1.0.0"
      }
    },
    "node_modules/@psu-ooe/compact-menu/node_modules/@psu-ooe/vertical-menu": {
      "version": "1.0.1",
      "resolved": "https://npm.pkg.github.com/download/@psu-ooe/vertical-menu/1.0.1/a2b53bfa0a4a75b208240edcc142d81ef164a50f",
      "integrity": "sha512-seJu4BBlXAt63MyuzDkuLKzLB3ZplntomkmxXSqz6cygrQfZ0RXPVLMvNOXFMQ48GDklQQgKJZI11dvayQbYiA==",
      "dependencies": {
        "@psu-ooe/base": "^2.0",
        "@psu-ooe/slide-toggle": "^1.0",
        "@psu-ooe/sprite": "^2.0"
      }
    },
    "node_modules/@psu-ooe/credential": {
      "version": "2.0.0",
      "resolved": "https://npm.pkg.github.com/download/@psu-ooe/credential/2.0.0/113e5374408b85dd64f162b241901f6c3169c09b",
      "integrity": "sha512-Us4vfHU+4ta9ULxGEDcpiI+mTAQWiEf2NRMmS+9ih3kncAVn2KvZDd+fboSskN7zsfkopws3u33bdkDnsMaM0w==",
      "dependencies": {
        "@psu-ooe/sprite": "^2.0"
      }
    },
    "node_modules/@psu-ooe/cta": {
      "version": "2.2.0",
      "resolved": "https://npm.pkg.github.com/download/@psu-ooe/cta/2.2.0/19e66ee9da0068b253c9398ae7f43c3185bdcc66",
      "integrity": "sha512-iWSGnrYhRiJRzNaLTUGRvraSJEgDloya5kAwjA5tppbQlZOx8qS1t841cED2XnyIVupmEHCzI8jPXdE3FxATXA==",
      "dependencies": {
        "@psu-ooe/base": "^2.2",
        "@psu-ooe/cta-tracking": "^1.0"
      }
    },
    "node_modules/@psu-ooe/cta-tracking": {
      "version": "1.0.2",
      "resolved": "https://npm.pkg.github.com/download/@psu-ooe/cta-tracking/1.0.2/2f63ad4bd36f7d28271695703e4703b47b2c87c1",
      "integrity": "sha512-8jFTT6xXyu77xoTRU+Xp2iAbzaa7Pv2vaQnMZ44kepbqjHZLa/9DqX4wsZQ4Sp9/ffAhlujDWBBuJ29ndAwGxA==",
      "dependencies": {
        "@psu-ooe/gtm": "^1.0"
      }
    },
    "node_modules/@psu-ooe/details": {
      "version": "1.0.0",
      "resolved": "https://npm.pkg.github.com/download/@psu-ooe/details/1.0.0/6f3c21d0e9cd0b4eed5bcfaf087beea977922453",
      "integrity": "sha512-SBIiOBRcgfCqPsZ+izbK3Ig1FbnbdcU5x119GzGBYIwxnSlSeDf0kuLpeJpwNQEZq4Nw4CmEGm3IdMi0u0imow==",
      "dependencies": {
        "@psu-ooe/base": "^2.0"
      }
    },
    "node_modules/@psu-ooe/divider": {
      "version": "2.0.0",
      "resolved": "https://npm.pkg.github.com/download/@psu-ooe/divider/2.0.0/2f12c66bf2e570df3b1544f9fa4f832e3ef02511",
      "integrity": "sha512-yF7IB2qIpWtwWfPyGv0W+7R21o8ZjpAnPb1AQKI7zggYFQlbKMCPyzIuiRKyG6P0PNttTfn83sFQymq6BDzbow==",
      "dependencies": {
        "@psu-ooe/base": "^2.0",
        "@psu-ooe/sprite": "^2.0"
      }
    },
    "node_modules/@psu-ooe/drop-button": {
      "version": "3.0.0",
      "resolved": "https://npm.pkg.github.com/download/@psu-ooe/drop-button/3.0.0/c2e176c41779404222dd24490cda2f014dcedc41",
      "integrity": "sha512-RrCE4fwj1rRfpgm9hbBqUUdJZKl6Q9FapZK83JdesDYjx0PvgkX46faqskOuisb40fEZjy1q9DrLJQvyH24FCA==",
      "dependencies": {
        "@psu-ooe/base": "^2.0"
      }
    },
    "node_modules/@psu-ooe/event-link": {
      "version": "2.0.0",
      "resolved": "https://npm.pkg.github.com/download/@psu-ooe/event-link/2.0.0/5cd1388da3c595bf67981b8a36393b43a6650941",
      "integrity": "sha512-3ptyrUegNSl4ugXJF80tj15pUJMjR4rJZ31FYGvbFDRLFMDIq+q5s/FKehm7kLwUT0etDfbqF5HOmxsdhkCsfA==",
      "dependencies": {
        "@psu-ooe/base": "^2.0",
        "@psu-ooe/smart-datetime": "^1.0"
      }
    },
    "node_modules/@psu-ooe/expandable-section": {
      "version": "1.4.0",
      "resolved": "https://npm.pkg.github.com/download/@psu-ooe/expandable-section/1.4.0/cfbb140f04e2c9311ccb7927d31a6f63404fb2cf",
      "integrity": "sha512-7TTcYdO+aV1urhpyjjR1Q4EmXuJPkbAEc4x2KWHOvDGAyuc72p3LQNtyP4GISAr/Oj+G/+SjnYIcgqUZuvr51Q==",
      "dependencies": {
        "@psu-ooe/auto-expansion": "^1.0",
        "@psu-ooe/base": "^2.2",
        "@psu-ooe/cta": "^2.2",
        "@psu-ooe/slide-toggle": "^1.0"
      }
    },
    "node_modules/@psu-ooe/flex-wrap-listener": {
      "version": "1.0.1",
      "resolved": "https://npm.pkg.github.com/download/@psu-ooe/flex-wrap-listener/1.0.1/bdad9e53e1cbe617208ba61aa1b52b0fa49dd548",
      "integrity": "sha512-z29z/WiOk+e54kEmnLhFeiB0I5P1KxujQOfwwTFbmNXcnnfLFAUGAmx8WqylnDOA8aDGp3HOEonnwqjjdqai8w=="
    },
    "node_modules/@psu-ooe/grid": {
      "version": "1.2.2",
      "resolved": "https://npm.pkg.github.com/download/@psu-ooe/grid/1.2.2/4f82e1c7994b24d35a4ea79763bc9882f002da97",
      "integrity": "sha512-LB/1ZEwO7N5tjcE9aBmXK1XZ/3BBrDRl2B/vARq9OCf/EMYjlgemM7H1TMxiFutpQJzXCWLoALN2dkzmzwh0PA==",
      "dependencies": {
        "@psu-ooe/base": "^1.0 || ^2.0"
      }
    },
    "node_modules/@psu-ooe/gtm": {
      "version": "1.0.0",
      "resolved": "https://npm.pkg.github.com/download/@psu-ooe/gtm/1.0.0/563bb24ac7dc3c2cb94bdfaeb1da9987183f532d",
      "integrity": "sha512-uZp9L0EU+Ae9l5m27yaj7Oi6THYD2qGgSkkWsdv0etFCgUKOrTloM5Ny2tyvS+2pysFj0RtGbaxyM0vltVc+fA=="
    },
    "node_modules/@psu-ooe/header": {
      "version": "1.0.0",
      "resolved": "https://npm.pkg.github.com/download/@psu-ooe/header/1.0.0/bb17d9d6852341278802ee6cd7d072e2714479f8",
      "integrity": "sha512-Uo2IRkwcyn0WWSK16bmKS68Fg2RthETeu4Oi6Rm3ZU1xPbxhN33hDWNZDsn5FRnli6m9TcVKgFHejveP03MvHw==",
      "dependencies": {
        "@psu-ooe/base": "^2.0",
        "@psu-ooe/sprite": "^2.0"
      }
    },
    "node_modules/@psu-ooe/heading": {
      "version": "2.0.1",
      "resolved": "https://npm.pkg.github.com/download/@psu-ooe/heading/2.0.1/dfec9135add80888823749423d690746af94cce6",
      "integrity": "sha512-eaoiuQuP50E6SUGWj9D8yuIQvP+EJerBKmsvCQfY2EEbd8yOSIMtj17Ag1Q+Argsaz+p5hSirRTNq8zC5jrDow==",
      "dependencies": {
        "@psu-ooe/base": "^2.0"
      }
    },
    "node_modules/@psu-ooe/horizontal-menu": {
      "version": "2.0.0",
      "resolved": "https://npm.pkg.github.com/download/@psu-ooe/horizontal-menu/2.0.0/0366bdcb88a91a8e8f7f23429486ccaf0ab40d67",
      "integrity": "sha512-YpJHFJD2hpSvC166qz50eIyagfPowvno11rbHN3uFDcBtiG+4apxdrjWg/gcj3ewi4IPf0R+SQco+GKdbeKnSA==",
      "dependencies": {
        "@psu-ooe/base": "^2.0",
        "@psu-ooe/sprite": "^2.0"
      }
    },
    "node_modules/@psu-ooe/icon-list": {
      "version": "2.0.0",
      "resolved": "https://npm.pkg.github.com/download/@psu-ooe/icon-list/2.0.0/1ac858dec2b0d75d028260f909c4e694c7226144",
      "integrity": "sha512-eGTSeHtLxPyUiUSBuJ5tnpntOdGR2zI7BWRDeAugwPXdXvpPUuT520YMoAMCe7Mlm9E5Nk/+YmD93vbGjo3KPQ==",
      "dependencies": {
        "@psu-ooe/base": "^2.0",
        "@psu-ooe/sprite": "^2.0"
      }
    },
    "node_modules/@psu-ooe/navigation-tile": {
      "version": "2.0.0",
      "resolved": "https://npm.pkg.github.com/download/@psu-ooe/navigation-tile/2.0.0/ea93cbbfee2a6a726a2113de26f5cb7aa30d598c",
      "integrity": "sha512-94V5p9u1Fy/1yk9YFHwS5wH1EBYX2HS8c8OeMHf5rv+9mtyBmPpHdyWWNz3LfsjfJOtvZKeqfgvRatBnHquJhA==",
      "dependencies": {
        "@psu-ooe/base": "^2.0"
      }
    },
    "node_modules/@psu-ooe/page-title": {
      "version": "1.0.1",
      "resolved": "https://npm.pkg.github.com/download/@psu-ooe/page-title/1.0.1/f344b244ec6ba2ac211fefb96b371507e8c26cbf",
      "integrity": "sha512-xlBfua/NCFbKpB/m/ZzsqM4xSqCAbdP95tkcf/+saN7FCGtPqp90+QuimEWGZldjQRWRm5wnqe51OKNB6V+Frg==",
      "dependencies": {
        "@psu-ooe/base": "^2.0",
        "@psu-ooe/heading": "^2.0"
      }
    },
    "node_modules/@psu-ooe/page-title-banner-image": {
      "version": "1.0.0",
      "resolved": "https://npm.pkg.github.com/download/@psu-ooe/page-title-banner-image/1.0.0/d6174d594a589c8bb667906c264479f027776eb3",
      "integrity": "sha512-adZdBjwypVU9jZO1+/kp30q75oOte/GbYShC1uhXjxn6/SLTWz/YbqUp8aenrfIhXj5o5DoPZpmncDf5koVHkg==",
      "dependencies": {
        "@psu-ooe/base": "^2.0",
        "@psu-ooe/page-title": "^1.0",
        "@psu-ooe/sprite": "^2.0"
      }
    },
    "node_modules/@psu-ooe/page-title-banner-plain": {
      "version": "1.0.0",
      "resolved": "https://npm.pkg.github.com/download/@psu-ooe/page-title-banner-plain/1.0.0/44415066cb5e0f94942385cdbef91a82e689a801",
      "integrity": "sha512-rr/SJ52jx3ooR4+llW3UIfslc6Cgkww6dHXwgFAW/7ov5z2UtnvB3DkisjKlnaxgRC6ZTP6UUYMuXx2tttjgWA==",
      "dependencies": {
        "@psu-ooe/base": "^2.0",
        "@psu-ooe/page-title": "^1.0",
        "@psu-ooe/sprite": "^2.0"
      }
    },
    "node_modules/@psu-ooe/read-more": {
      "version": "2.0.2",
      "resolved": "https://npm.pkg.github.com/download/@psu-ooe/read-more/2.0.2/bf704d08d58850b70570f5b41db847b010af233c",
      "integrity": "sha512-8DN0YmpW/trGYulVIvoIKDUoMXq9cbi+VN+GyB+9oJzYkrJ8aDj7uYNUxgEcaQCTRlZNEZBoWPiUMOVwlhfcTA==",
      "dependencies": {
        "@psu-ooe/base": "^2.0",
        "@psu-ooe/sprite": "^2.0"
      }
    },
    "node_modules/@psu-ooe/skip-link": {
      "version": "2.0.0",
      "resolved": "https://npm.pkg.github.com/download/@psu-ooe/skip-link/2.0.0/eff18abf1e06eea4428d7f4f11a901982c461700",
      "integrity": "sha512-EeoZJV4s8LQp+maSlmEcMrpP2ZBHAFyAWou1VD8a0zvUT6DEDw2YdR5zWUr+dxxBtU0arSAFewlClSPUYA3+sg==",
      "dependencies": {
        "@psu-ooe/base": "^2.0"
      }
    },
    "node_modules/@psu-ooe/slide-toggle": {
      "version": "1.0.0",
      "resolved": "https://npm.pkg.github.com/download/@psu-ooe/slide-toggle/1.0.0/73c8bed8b5787a9c5120b05a600d4dea9e484493",
      "integrity": "sha512-NEChfGK8yR+ZgNtYuGMds/aSO0TY5KwiSs+kQB+NHFJTKoI3zAs9wyjVOBONbDED6KX/n19fDgBdwQACBphxMA=="
    },
    "node_modules/@psu-ooe/smart-datetime": {
      "version": "1.0.1",
      "resolved": "https://npm.pkg.github.com/download/@psu-ooe/smart-datetime/1.0.1/20b73f584eadc272c2545deef166cc58b801f718",
      "integrity": "sha512-00kPn2/bDwhIcYk1zM1S44dofeLA2ZuHVwPmBOmElc+OqE4MSOlhJxKpInkq8UajQOPXOH42nfCHmY/0kH85pA==",
      "dependencies": {
        "@psu-ooe/base": "^1.0 || ^2.0"
      }
    },
    "node_modules/@psu-ooe/social-icon": {
      "version": "2.0.0",
      "resolved": "https://npm.pkg.github.com/download/@psu-ooe/social-icon/2.0.0/37f0194d300ae6e6eb32460a4dd97583f0d93770",
      "integrity": "sha512-IzrEBTH/pqEAeJCGA3k4ViU1zWajIG7wDuE/wXnucaQnXvYWzKw+JB4SrqK1CDgk0CSUofsnfJJLviBP6VHCwg==",
      "dependencies": {
        "@psu-ooe/base": "^2.0",
        "@psu-ooe/sprite": "^2.0"
      }
    },
    "node_modules/@psu-ooe/social-icons": {
      "version": "2.0.0",
      "resolved": "https://npm.pkg.github.com/download/@psu-ooe/social-icons/2.0.0/09a60e106cc8539b6df8cfd5f143cb64a7fa97f2",
      "integrity": "sha512-W9Kq3NskmSLO0+8s5EeDQJLnT8LkNNtCJQiNIZXAh59+YSRu8Xzp6Zh/FuTN+NuCGGILu+owaGeYvKKNLkximw==",
      "dependencies": {
        "@psu-ooe/base": "^2.0",
        "@psu-ooe/social-icon": "^2.0"
      }
    },
    "node_modules/@psu-ooe/sprite": {
      "version": "2.0.2",
      "resolved": "https://npm.pkg.github.com/download/@psu-ooe/sprite/2.0.2/48ddd9896904a976fa3ec09760a2c63c03b03801",
      "integrity": "sha512-dByf/qxP6Mqx9GR3mNJD+tDri+MfZaAstLCnyrd887iPHgZ/dCbf10m0r4Jl2ZIMpDhobB6O0a39YUB+bjfYHQ==",
      "dependencies": {
        "@psu-ooe/base": "^2.0"
      }
    },
    "node_modules/@psu-ooe/tabs": {
      "version": "3.0.0",
      "resolved": "https://npm.pkg.github.com/download/@psu-ooe/tabs/3.0.0/2b974d96201d1f41c0e1c19d8a494b80f63cbb4d",
      "integrity": "sha512-JMTo1ChzwTTv/8ZoxMMf6pf8teCN1v1IZNl6jrvONsdDStGN3HKW0meZgwSU7aD554A7DuRWn96nDABP0o20Lg==",
      "dependencies": {
        "@psu-ooe/base": "^2.0",
        "@psu-ooe/flex-wrap-listener": "^1.0"
      }
    },
    "node_modules/@psu-ooe/vertical-menu": {
      "version": "2.0.0",
      "resolved": "https://npm.pkg.github.com/download/@psu-ooe/vertical-menu/2.0.0/b074e04b2ead0305c89be38b9db6444e082e1ba4",
      "integrity": "sha512-ydfI3WqLSwn9JMfgBn1wf/4m9CxLIHZJGM4Id71etukrGwNYmG9Xx1uXuZml3MIjB7uiJXEgyDxItqAp8JZGkw==",
      "dependencies": {
        "@psu-ooe/base": "^2.0",
        "@psu-ooe/slide-toggle": "^1.0",
        "@psu-ooe/sprite": "^2.0"
      }
    },
    "node_modules/@psu-ooe/webfonts": {
      "version": "2.0.1",
      "resolved": "https://npm.pkg.github.com/download/@psu-ooe/webfonts/2.0.1/89907b9541c96fa553c8573e9cd2a92e7790e102",
      "integrity": "sha512-edfi2X5UrVoW6rYaAeilrNB7AHGZxmgeUro9gS3d0sSVWMBt2I+HIYKlrm+n7cVEBzqZrPLv0DHeHQHnKbDsfw=="
    }
  }
}
