{
  "name": "@psu-ooe/static-site-generator",
  "version": "1.0.0",
  "lockfileVersion": 3,
  "requires": true,
  "packages": {
    "": {
      "name": "@psu-ooe/static-site-generator",
      "version": "1.0.0",
      "license": "ISC",
      "dependencies": {
        "@psu-ooe/accordion": "^2.0.0",
        "@psu-ooe/alert": "^1.1.0",
        "@psu-ooe/announcement": "^2.0.0",
        "@psu-ooe/background-container": "^3.1.0",
        "@psu-ooe/base": "^2.1.0",
        "@psu-ooe/bio": "^2.0.0",
        "@psu-ooe/bio-collection": "^2.0.0",
        "@psu-ooe/breadcrumbs": "^2.0.0",
        "@psu-ooe/callout": "2.0",
        "@psu-ooe/card": "^2.0.0",
        "@psu-ooe/cards-list": "^2.0.0",
        "@psu-ooe/compact-menu": "^1.0.0",
        "@psu-ooe/credential": "^2.0.0",
        "@psu-ooe/details": "^1.0.0",
        "@psu-ooe/divider": "^2.0.0",
        "@psu-ooe/event-link": "^2.0.0",
        "@psu-ooe/fieldset": "^1.0.0",
        "@psu-ooe/footer": "^1.0.0",
        "@psu-ooe/form": "^1.0.0",
        "@psu-ooe/grid": "^1.2.2",
        "@psu-ooe/header": "^1.0.0",
        "@psu-ooe/heading": "^3.1.0",
        "@psu-ooe/horizontal-menu": "^2.0.0",
        "@psu-ooe/icon-list": "^2.0.0",
        "@psu-ooe/input-checkbox": "^1.1.0",
        "@psu-ooe/input-color": "^1.0.0",
        "@psu-ooe/input-date": "^1.0.0",
        "@psu-ooe/input-email": "^1.0.0",
        "@psu-ooe/input-file": "^1.1.1",
        "@psu-ooe/input-number": "^1.0.0",
        "@psu-ooe/input-password": "^1.0.0",
        "@psu-ooe/input-radio": "^1.1.0",
        "@psu-ooe/input-range": "^1.1.0",
        "@psu-ooe/input-search": "^1.0.0",
        "@psu-ooe/input-tel": "^1.0.0",
        "@psu-ooe/input-text": "^1.0.0",
        "@psu-ooe/input-time": "^1.0.0",
        "@psu-ooe/input-url": "^1.0.0",
        "@psu-ooe/label": "^1.0.0",
        "@psu-ooe/legend": "^1.0.0",
        "@psu-ooe/list": "^1.0.0",
        "@psu-ooe/navigation-tile": "^2.0.0",
        "@psu-ooe/page-title": "^1.0.1",
        "@psu-ooe/page-title-banner-image": "^1.0.0",
        "@psu-ooe/page-title-banner-plain": "^1.0.0",
        "@psu-ooe/physical-address": "^1.0.0",
        "@psu-ooe/read-more": "^2.0.2",
        "@psu-ooe/skip-link": "^2.0.0",
        "@psu-ooe/social-icon": "^2.0.0",
        "@psu-ooe/social-icons": "^2.0.0",
        "@psu-ooe/tabs": "^3.0.0",
        "@psu-ooe/vertical-menu": "^2.0.0"
      }
    },
    "node_modules/@psu-ooe/accordion": {
      "version": "2.1.1",
      "resolved": "https://npm.pkg.github.com/download/@psu-ooe/accordion/2.1.1/8fd7f9a67b5d9179f401782b13085a13e74ef912",
      "integrity": "sha512-3upBCQQQ+Gpe1+IySGL2ISD45ewr8+f7osJ8wTDN4iGYE5Yv9Ks1mePc+DIALatpNijq92dGh1JJW8wX7M2qFw==",
      "dependencies": {
        "@psu-ooe/base": "^2.0",
        "@psu-ooe/heading": "^2.0 || ^3.0",
        "@psu-ooe/slide-toggle": "^1.0",
        "@psu-ooe/sprite": "^2.0"
      }
    },
    "node_modules/@psu-ooe/alert": {
      "version": "1.1.0",
      "resolved": "https://npm.pkg.github.com/download/@psu-ooe/alert/1.1.0/187de940cd43b79bf6efeca7e3a6597261ad631f",
      "integrity": "sha512-4cRQ09OgcfYMOT8myBu/x9RyH1x40DnN5HZ97xsSN3eMYbCsB2dkEcgfXIS3j6GDx9ZuUCi1+cBSkzuW6R41+g==",
      "dependencies": {
        "@psu-ooe/base": "^1.0 || ^2.0",
        "@psu-ooe/sprite": "^1.0 || ^2.0"
      }
    },
    "node_modules/@psu-ooe/announcement": {
      "version": "2.1.0",
      "resolved": "https://npm.pkg.github.com/download/@psu-ooe/announcement/2.1.0/cde51add1ed1666da4868d7336bad12d2844f89c",
      "integrity": "sha512-Yj3oElUfJnFmd5U9zbyhnax3tArhnp22n4VZASsj72EuvaAKYPiDusNz+b6hiXMAZVYn8/tP0qp7dr0x4Z2dOQ==",
      "dependencies": {
        "@psu-ooe/base": "^2.0",
        "@psu-ooe/sprite": "^2.0"
      }
    },
    "node_modules/@psu-ooe/auto-expansion": {
      "version": "1.0.0",
      "resolved": "https://npm.pkg.github.com/download/@psu-ooe/auto-expansion/1.0.0/16e47fbbd811a84bf573c0324b9b3de81ba0e6fc",
      "integrity": "sha512-aiMuvdWChpZeYMElw/z1Be8RYQhsR2a0K5iVIhKv4BQ5UlHNBdGjU0gDXjh0xMoqQpNqp8H49poZoZK/0z0jQQ=="
    },
    "node_modules/@psu-ooe/background-container": {
      "version": "3.1.0",
      "resolved": "https://npm.pkg.github.com/download/@psu-ooe/background-container/3.1.0/30b3cbaa7ec7384bf5a3ded5feea21a9fa1f8eff",
      "integrity": "sha512-JrLpnsBcZB9c//gDKdT81Nnpgdb//r3t+hY49EGY9/gOQ5HQQlC9agTzxjsUBqYQpOE+Ab9KxPrOUqlBmrRA1w==",
      "dependencies": {
        "@psu-ooe/base": "^2.0",
        "@psu-ooe/sprite": "^2.0"
      }
    },
    "node_modules/@psu-ooe/base": {
      "version": "2.6.0",
      "resolved": "https://npm.pkg.github.com/download/@psu-ooe/base/2.6.0/a82208e9ebef6f72f728886dfb8548d3579a4920",
      "integrity": "sha512-Yt0Ngs12F4qKeihNAJCmYGeH+Ggx0kL8dRNvkTie3fNuCSNY8w3MEEP6qtOphxoJmZPaTUtDE2Hdt+y46t2zVg==",
      "dependencies": {
        "@psu-ooe/webfonts": "^2.0"
      }
    },
    "node_modules/@psu-ooe/bio": {
      "version": "2.0.1",
      "resolved": "https://npm.pkg.github.com/download/@psu-ooe/bio/2.0.1/69675ea5d58283f607c7136627f35f658d529c7b",
      "integrity": "sha512-mOU+MkEb+VwBfyU8jaPeaIT1sVHyc8xQqpNzOuaVQXD6FFw1u2YfTEgO6M1HME8r/XETQJejraTn98nzmpPTaw==",
      "dependencies": {
        "@psu-ooe/credential": "^1.0 || ^2.0",
        "@psu-ooe/heading": "^1.0 || ^2.0 || ^3.0",
        "@psu-ooe/read-more": "^1.0 || ^2.0"
      }
    },
    "node_modules/@psu-ooe/bio-collection": {
      "version": "2.0.0",
      "resolved": "https://npm.pkg.github.com/download/@psu-ooe/bio-collection/2.0.0/67444acb75820ef28e7f98bee9dad750ecf0d52e",
      "integrity": "sha512-0J4sBSH4RGX5bYpM7kwbQ8Ouin/nTYtsEK4gOo6+iYFggPWpSQ9ctBuD1vmqKgLcANChyNMzlRawTlHsc1NQ3g==",
      "dependencies": {
        "@psu-ooe/bio": "^1.0 || 2.0"
      }
    },
    "node_modules/@psu-ooe/breadcrumbs": {
      "version": "2.0.0",
      "resolved": "https://npm.pkg.github.com/download/@psu-ooe/breadcrumbs/2.0.0/d1c2cc8d5f211c284189fc8df6b29034d740bfa9",
      "integrity": "sha512-Z0602gKS5HCkA/Kmx6DvG/7FPmV8LzZi8zH3rdRnIBi7ZzxYT4651xITRWoxUagPTnVQXpvTUWvcawhDSdd3HQ==",
      "dependencies": {
        "@psu-ooe/base": "^2.0",
        "@psu-ooe/sprite": "^2.0"
      }
    },
    "node_modules/@psu-ooe/callout": {
      "version": "2.0.0",
      "resolved": "https://npm.pkg.github.com/download/@psu-ooe/callout/2.0.0/7b6dfdd7d4e8232e7ba28f6bebbc57b6002c43e6",
      "integrity": "sha512-AesW+2HJ8IQn7VWQiu7yw8cWkdGbYnq2Pd+YOwx8hy6KofalKwq2uAhsrv0xG/wyi//BTZksjWnyQInkdgjJ/Q==",
      "dependencies": {
        "@psu-ooe/base": "^2.0"
      }
    },
    "node_modules/@psu-ooe/card": {
      "version": "2.1.1",
      "resolved": "https://npm.pkg.github.com/download/@psu-ooe/card/2.1.1/0a42507a79b9a035f13d2bdea61e3ef1248df5bc",
      "integrity": "sha512-Ku4Jarz4dJ4NOx6jjjIujlTsEdX/KC8hXllrmROU7ZHFqu9M5PTEIcAuyziW2Cq8CGY68nVNJzER7etYJzD5UQ==",
      "dependencies": {
        "@psu-ooe/base": "^2.0",
        "@psu-ooe/sprite": "^2.0"
      }
    },
    "node_modules/@psu-ooe/cards-list": {
      "version": "2.0.0",
      "resolved": "https://npm.pkg.github.com/download/@psu-ooe/cards-list/2.0.0/2a8436f1226197153875c3a7e21afe750acff6eb",
      "integrity": "sha512-l4veIekyIf54kLGHazbV1swWJZ3xvPjVTK4d6tCqrn3j9Fwn4ANnGO35u6JHdtSc9eL6blZFnV/5XdIrCH6jEw==",
      "dependencies": {
        "@psu-ooe/base": "^2.0",
        "@psu-ooe/card": "^2.0",
        "@psu-ooe/expandable-section": "^1.0"
      }
    },
    "node_modules/@psu-ooe/compact-menu": {
      "version": "1.3.0",
      "resolved": "https://npm.pkg.github.com/download/@psu-ooe/compact-menu/1.3.0/990ce4be89bc4d84aed2aa3dc596713cbddc8641",
      "integrity": "sha512-CBhB0dWdOJ/9Ujmq7mTLrUem1WM8fhIjxUy820aMV+A5I8acK/kw3RFQpsKJWCli6C5VtcZjPdmUsdKHePv+uQ==",
      "dependencies": {
        "@psu-ooe/base": "^2.0.0",
        "@psu-ooe/drop-button": "^3.0.0",
        "@psu-ooe/sprite": "^2.0.0",
        "@psu-ooe/vertical-menu": "^2.0.0"
      }
    },
    "node_modules/@psu-ooe/credential": {
      "version": "2.0.1",
      "resolved": "https://npm.pkg.github.com/download/@psu-ooe/credential/2.0.1/628e077ac0a96baaeaf525365a9d3bc8a61aaed8",
      "integrity": "sha512-1KwiqnQRoaOYd++SNnHHbGNB9HfGwin+6cOh1A/lFY7OFJxuZkwaoloIfRbozxznGYyCMi66qdOuU01ByejV4A==",
      "dependencies": {
        "@psu-ooe/sprite": "^2.0"
      }
    },
    "node_modules/@psu-ooe/cta": {
      "version": "2.3.1",
      "resolved": "https://npm.pkg.github.com/download/@psu-ooe/cta/2.3.1/2f1fa8c01d992ca9bb47a622a71804f86d0c8842",
      "integrity": "sha512-UpW2pCcKxqjfhgr4Zor8U933zEFWsf8w4G1clw6aKrKuiw/u58qrI2avxr3tqBTdyBtjQgj2SORBMuBVj+jlnw==",
      "dependencies": {
        "@psu-ooe/base": "^2.2",
        "@psu-ooe/cta-tracking": "^1.0"
      }
    },
    "node_modules/@psu-ooe/cta-tracking": {
      "version": "1.0.2",
      "resolved": "https://npm.pkg.github.com/download/@psu-ooe/cta-tracking/1.0.2/2f63ad4bd36f7d28271695703e4703b47b2c87c1",
      "integrity": "sha512-8jFTT6xXyu77xoTRU+Xp2iAbzaa7Pv2vaQnMZ44kepbqjHZLa/9DqX4wsZQ4Sp9/ffAhlujDWBBuJ29ndAwGxA==",
      "dependencies": {
        "@psu-ooe/gtm": "^1.0"
      }
    },
    "node_modules/@psu-ooe/details": {
      "version": "1.0.0",
      "resolved": "https://npm.pkg.github.com/download/@psu-ooe/details/1.0.0/6f3c21d0e9cd0b4eed5bcfaf087beea977922453",
      "integrity": "sha512-SBIiOBRcgfCqPsZ+izbK3Ig1FbnbdcU5x119GzGBYIwxnSlSeDf0kuLpeJpwNQEZq4Nw4CmEGm3IdMi0u0imow==",
      "dependencies": {
        "@psu-ooe/base": "^2.0"
      }
    },
    "node_modules/@psu-ooe/divider": {
      "version": "2.0.0",
      "resolved": "https://npm.pkg.github.com/download/@psu-ooe/divider/2.0.0/2f12c66bf2e570df3b1544f9fa4f832e3ef02511",
      "integrity": "sha512-yF7IB2qIpWtwWfPyGv0W+7R21o8ZjpAnPb1AQKI7zggYFQlbKMCPyzIuiRKyG6P0PNttTfn83sFQymq6BDzbow==",
      "dependencies": {
        "@psu-ooe/base": "^2.0",
        "@psu-ooe/sprite": "^2.0"
      }
    },
    "node_modules/@psu-ooe/drop-button": {
      "version": "3.2.0",
      "resolved": "https://npm.pkg.github.com/download/@psu-ooe/drop-button/3.2.0/3115057859238d72e5a4a41c0d6f5dc5e9015e8d",
      "integrity": "sha512-Sejb3Hod6BnPFJ8evXluuQHoMdlHry3FM26hVUDgOy307yocq637uCk0K21ZITuIJ1Z3ce56vITBM1iROY+7QQ==",
      "dependencies": {
        "@psu-ooe/base": "^2.6.0"
      }
    },
    "node_modules/@psu-ooe/event-link": {
      "version": "2.1.0",
      "resolved": "https://npm.pkg.github.com/download/@psu-ooe/event-link/2.1.0/b839c9e2d4891b2429233364a7e8eeb04021dcfb",
      "integrity": "sha512-6iSeNskVvgB8v+CpmDfJlv6KAVYp+M8cH3nLwbgO6HSc1Uci/beGfKO5r8buNqx1aMsjrZrxY+9pM2TfWcvFiA==",
      "dependencies": {
        "@psu-ooe/base": "^2.0",
        "@psu-ooe/smart-datetime": "^1.0"
      }
    },
    "node_modules/@psu-ooe/expandable-section": {
      "version": "1.4.0",
      "resolved": "https://npm.pkg.github.com/download/@psu-ooe/expandable-section/1.4.0/cfbb140f04e2c9311ccb7927d31a6f63404fb2cf",
      "integrity": "sha512-7TTcYdO+aV1urhpyjjR1Q4EmXuJPkbAEc4x2KWHOvDGAyuc72p3LQNtyP4GISAr/Oj+G/+SjnYIcgqUZuvr51Q==",
      "dependencies": {
        "@psu-ooe/auto-expansion": "^1.0",
        "@psu-ooe/base": "^2.2",
        "@psu-ooe/cta": "^2.2",
        "@psu-ooe/slide-toggle": "^1.0"
      }
    },
    "node_modules/@psu-ooe/fieldset": {
      "version": "1.0.0",
      "resolved": "https://npm.pkg.github.com/download/@psu-ooe/fieldset/1.0.0/815a3384014282e41d21a2a9836c87ae62e52774",
      "integrity": "sha512-0mCOkPpk6ZLQV9wPGnPx4M/XEEiihN6xc5m9IeoLX7LpxtMB4jc0WNRM6bu8JsmYfTSGgP7q0t/mSSsjomLVPw==",
      "dependencies": {
        "@psu-ooe/base": "^2.0"
      }
    },
    "node_modules/@psu-ooe/flex-wrap-listener": {
      "version": "1.0.1",
      "resolved": "https://npm.pkg.github.com/download/@psu-ooe/flex-wrap-listener/1.0.1/bdad9e53e1cbe617208ba61aa1b52b0fa49dd548",
      "integrity": "sha512-z29z/WiOk+e54kEmnLhFeiB0I5P1KxujQOfwwTFbmNXcnnfLFAUGAmx8WqylnDOA8aDGp3HOEonnwqjjdqai8w=="
    },
    "node_modules/@psu-ooe/footer": {
      "version": "1.0.0",
      "resolved": "https://npm.pkg.github.com/download/@psu-ooe/footer/1.0.0/eda402b1811e100bea17275d8de4521697ef286b",
      "integrity": "sha512-bL49bcJtRiwrdq3qDr0ZwwrtaBEpvJjR4uPCPy3UmLdo+CBa5oGyr06qXNiPRq3keBy+BGz/5oysDLLYSYEZAQ==",
      "dependencies": {
        "@psu-ooe/background-container": "^3.0",
        "@psu-ooe/base": "^2.0",
        "@psu-ooe/sprite": "^2.0"
      }
    },
    "node_modules/@psu-ooe/form": {
      "version": "1.0.0",
      "resolved": "https://npm.pkg.github.com/download/@psu-ooe/form/1.0.0/dd75ae9b628d29041c1d74cc2a2f10232e7564c6",
      "integrity": "sha512-SMUUwdVns/bzip1c0R85tnra8d1Rq4GPltWBEFFzkfk2+ylqQ5LwLSXPQFBnLPiBrvgOcF8zNsskLFDKI2wrtw==",
      "dependencies": {
        "@psu-ooe/base": "^2.0"
      }
    },
    "node_modules/@psu-ooe/grid": {
      "version": "1.2.3",
      "resolved": "https://npm.pkg.github.com/download/@psu-ooe/grid/1.2.3/a6395e84f29bb564d7b8b19fd0440f9e22644b4c",
      "integrity": "sha512-icNKPdv6eTvobm03GYNIR4A71qIGNps15NqB4dOKvhlO6WPC2y1sueIjGJPYSuyZXMS7p4Hky4SoBLAIplIE1w==",
      "dependencies": {
        "@psu-ooe/base": "^1.0 || ^2.0"
      }
    },
    "node_modules/@psu-ooe/gtm": {
      "version": "1.0.0",
      "resolved": "https://npm.pkg.github.com/download/@psu-ooe/gtm/1.0.0/563bb24ac7dc3c2cb94bdfaeb1da9987183f532d",
      "integrity": "sha512-uZp9L0EU+Ae9l5m27yaj7Oi6THYD2qGgSkkWsdv0etFCgUKOrTloM5Ny2tyvS+2pysFj0RtGbaxyM0vltVc+fA=="
    },
    "node_modules/@psu-ooe/header": {
      "version": "1.1.0",
      "resolved": "https://npm.pkg.github.com/download/@psu-ooe/header/1.1.0/c7df48d37fe8fe3c8030d63c67fc733ce20b7b01",
      "integrity": "sha512-fVNYjtEBz9qq+fiJ76AASgwY8dWkgcxB3KmnEOxVtiFC7cEdCjJqgxHfY32XNJt+LY3dgYTMAhJWsCD4vd2hyQ==",
      "dependencies": {
        "@psu-ooe/base": "^2.0",
        "@psu-ooe/sprite": "^2.0"
      }
    },
    "node_modules/@psu-ooe/heading": {
      "version": "3.1.0",
      "resolved": "https://npm.pkg.github.com/download/@psu-ooe/heading/3.1.0/2ef4b39c184ffb14d814cb88c8b18a16079679eb",
      "integrity": "sha512-A3X6nyJmBXNyAhjarhClMAa8dqGG/ix+S0yXkvNn24Yq03Gov5VkFIO7/IIJsdPIZsf8hHOFKZes0zPhLmFJwQ==",
      "dependencies": {
        "@psu-ooe/base": "^2.0"
      }
    },
    "node_modules/@psu-ooe/horizontal-menu": {
      "version": "2.2.1",
      "resolved": "https://npm.pkg.github.com/download/@psu-ooe/horizontal-menu/2.2.1/cb22353e02ee4d030c336cb1ce5d423c11444da6",
      "integrity": "sha512-RKQ6kzYPe1UaNbrlaVp6ReBV27OiiKXL9JxxacvW72/EFeiBmU1o/4wOTBCakX81N6tTl8xC9tTdSuJ/xNSzEw==",
      "dependencies": {
        "@psu-ooe/base": "^2.6.0",
        "@psu-ooe/sprite": "^2.0"
      }
    },
    "node_modules/@psu-ooe/icon-list": {
      "version": "2.0.0",
      "resolved": "https://npm.pkg.github.com/download/@psu-ooe/icon-list/2.0.0/1ac858dec2b0d75d028260f909c4e694c7226144",
      "integrity": "sha512-eGTSeHtLxPyUiUSBuJ5tnpntOdGR2zI7BWRDeAugwPXdXvpPUuT520YMoAMCe7Mlm9E5Nk/+YmD93vbGjo3KPQ==",
      "dependencies": {
        "@psu-ooe/base": "^2.0",
        "@psu-ooe/sprite": "^2.0"
      }
    },
    "node_modules/@psu-ooe/input-checkbox": {
      "version": "1.1.0",
      "resolved": "https://npm.pkg.github.com/download/@psu-ooe/input-checkbox/1.1.0/b621dcda32b6cd40e0fe4218ff44ca4770a13bcb",
      "integrity": "sha512-ekY3IK0BKOoDC+xMetUo68cveYm35aG8XiRlXzR2ZWB/oeSA0if+0rGG0AdVHN7Mr0VcvqO8QN3yUyVVh+5V8Q==",
      "dependencies": {
        "@psu-ooe/base": "^2.0"
      }
    },
    "node_modules/@psu-ooe/input-color": {
      "version": "1.0.0",
      "resolved": "https://npm.pkg.github.com/download/@psu-ooe/input-color/1.0.0/6dc5d3011c94f595f45cafd13079011c06d7ceb1",
      "integrity": "sha512-MiNXhewdFAGOkLkR2DfMaiuTvQVszP5lGy89FGhfCVZjGJEDgmE42a++SpgUno8Wv4bhHV9SGh5dijHDADB5Ng==",
      "dependencies": {
        "@psu-ooe/base": "^2.0"
      }
    },
    "node_modules/@psu-ooe/input-common": {
      "version": "1.1.0",
      "resolved": "https://npm.pkg.github.com/download/@psu-ooe/input-common/1.1.0/3d91d8b8fde9f6707cbc79cbd7c5205ceade0d78",
      "integrity": "sha512-ag+jZeq+Cn7rYF93Nbfm2GdDB6juIf3P1Sb2xDtb4gyjb50hcFfoPOWKB1qRYFdfhuzKyrDjMjLee3rMH9uyJA==",
      "dependencies": {
        "@psu-ooe/base": "^2.0"
      }
    },
    "node_modules/@psu-ooe/input-date": {
      "version": "1.0.0",
      "resolved": "https://npm.pkg.github.com/download/@psu-ooe/input-date/1.0.0/21c730be9767e21675e1cbb2a9e9399ce686985c",
      "integrity": "sha512-PLTOjgVODIFO6oTtvrhXg9HQQ+5Xu5nYfxpF7NN2z/YT6Ujsspis3okL38/0+4ua2lACx2IAYxNzxUaNi0yMuA==",
      "dependencies": {
        "@psu-ooe/base": "^2.0",
        "@psu-ooe/input-common": "^1.0"
      }
    },
    "node_modules/@psu-ooe/input-email": {
      "version": "1.0.0",
      "resolved": "https://npm.pkg.github.com/download/@psu-ooe/input-email/1.0.0/c425733f4b4a9775230dc9daa91eabfb62d75667",
      "integrity": "sha512-r8mXqyxejrl9WPKQg9pnHtDlM4OZSgg412iRGKuS+dix8ownwdKy+RgIm6XUoijzCLiTiUEjsPkXy8xid8c/Gw==",
      "dependencies": {
        "@psu-ooe/base": "^2.0",
        "@psu-ooe/input-common": "^1.0"
      }
    },
    "node_modules/@psu-ooe/input-file": {
      "version": "1.1.1",
      "resolved": "https://npm.pkg.github.com/download/@psu-ooe/input-file/1.1.1/d55156a6d2244ae1c3064c4bec2f234bcad0916d",
      "integrity": "sha512-JjkYfyI+mDMdIe4pD1IE8Pn+ihIE4+b2VigE8xfBdeSlbBRI1zP/NGRzCn+CTYOfg+Y3mTWbvajYmSU5scm9uA==",
      "dependencies": {
        "@psu-ooe/base": "^2.0"
      }
    },
    "node_modules/@psu-ooe/input-number": {
      "version": "1.0.0",
      "resolved": "https://npm.pkg.github.com/download/@psu-ooe/input-number/1.0.0/dd35b2058690b248446e8a248d39abf8dc0a6aa3",
      "integrity": "sha512-ktXx7hM+2msJwqeBCM+zjxpBQ6T8HfVR5hLfAtE2Q0C5XkVsIDvJOWDVPnwkW1z1kiIIPQqtlFO3ow94N7PeqA==",
      "dependencies": {
        "@psu-ooe/base": "^2.0",
        "@psu-ooe/input-common": "^1.0"
      }
    },
    "node_modules/@psu-ooe/input-password": {
      "version": "1.0.0",
      "resolved": "https://npm.pkg.github.com/download/@psu-ooe/input-password/1.0.0/75e3485cd76b4ff90b93dd76368e2bb26860e261",
      "integrity": "sha512-zgj2wmVOBwi74IQvzuT1QoQm6MZuzlUWaEnrRvjgIhYIRSJGKz53upkVmMeiUswR4gQIgm81DQCdbJLNwJoDPQ==",
      "dependencies": {
        "@psu-ooe/base": "^2.0",
        "@psu-ooe/input-common": "^1.0"
      }
    },
    "node_modules/@psu-ooe/input-radio": {
      "version": "1.1.0",
      "resolved": "https://npm.pkg.github.com/download/@psu-ooe/input-radio/1.1.0/5b48bf1955ca9ec17648e0d3bcf86fdddb62c4a4",
      "integrity": "sha512-rDezSRtR7moSbBI8CpAVUj0A4XZd5Eb8uC9t860nmnGeyy9mKoc/uufTtU6HjTvoyd9ax04yYUPMVAwJqN19mQ==",
      "dependencies": {
        "@psu-ooe/base": "^2.0"
      }
    },
    "node_modules/@psu-ooe/input-range": {
      "version": "1.1.0",
      "resolved": "https://npm.pkg.github.com/download/@psu-ooe/input-range/1.1.0/c30f98a0b9371810b0e21b817ccc08f9c63774c1",
      "integrity": "sha512-6h2DAgWQEEdWEl1VO59Xcq4J4PqdHbfRmzzUCVWNYt+eyXaiw/Pz7+CEOOzuxtrOpGsgJNYqpuz3Be4XlB9vPg==",
      "dependencies": {
        "@psu-ooe/base": "^2.0"
      }
    },
    "node_modules/@psu-ooe/input-search": {
      "version": "1.0.0",
      "resolved": "https://npm.pkg.github.com/download/@psu-ooe/input-search/1.0.0/73d3a055b00d911d90574eaa0daa5d18bfd34a26",
      "integrity": "sha512-jr2O9oCTjj5m1fpOFUUoJGK4Hm+s+dwglcoj2sKA55bzHhhstSYjXQC90fEDvIA4uQX53LWsz4QnKlcgk/sBTg==",
      "dependencies": {
        "@psu-ooe/base": "^2.0",
        "@psu-ooe/input-common": "^1.0"
      }
    },
    "node_modules/@psu-ooe/input-tel": {
      "version": "1.0.0",
      "resolved": "https://npm.pkg.github.com/download/@psu-ooe/input-tel/1.0.0/8ec16a4c19f6fcd7a26bd4db2bce546622396fc0",
      "integrity": "sha512-hqW4ms6GM1vHB5MzwguWSSUc/qFnULbxrtbKij7Pwyf9q3evGKNgykAGKe+v8unFkEzBkMtt/1TIsW3R22zqRA==",
      "dependencies": {
        "@psu-ooe/base": "^2.0",
        "@psu-ooe/input-common": "^1.0"
      }
    },
    "node_modules/@psu-ooe/input-text": {
      "version": "1.0.0",
      "resolved": "https://npm.pkg.github.com/download/@psu-ooe/input-text/1.0.0/f003b90d79c9b9c2ef0a2f73f014fe5980e5ab77",
      "integrity": "sha512-OJcSlKu3uZ9NZzf9O/B7ruYGMlfeOf7EldvUb+NyJ/1j4RScdQksrrsafZ8UVHXS/es8B1J55V3ROy8zg0EBUg==",
      "dependencies": {
        "@psu-ooe/base": "^2.0",
        "@psu-ooe/input-common": "^1.0"
      }
    },
    "node_modules/@psu-ooe/input-time": {
      "version": "1.0.0",
      "resolved": "https://npm.pkg.github.com/download/@psu-ooe/input-time/1.0.0/8f6378e3cbe454a4c99cd15d31e8d0c0c60e91db",
      "integrity": "sha512-q2I3kYvzoKJ5Z63+HZUXuwVCE5bW55aUi1tHI5egWy34+DeIXdrolqCtJeeM3SJMiomk1NezwwVfx05+b7HFeA==",
      "dependencies": {
        "@psu-ooe/base": "^2.0",
        "@psu-ooe/input-common": "^1.0"
      }
    },
    "node_modules/@psu-ooe/input-url": {
      "version": "1.0.0",
      "resolved": "https://npm.pkg.github.com/download/@psu-ooe/input-url/1.0.0/5cec9c2ea1d8c5a65f9b39ec6b16b357a2a8d53f",
      "integrity": "sha512-ro5lSUtCI7uZRdP8paNHfUCIuoqUojzvUmmGZ4UQKnx7Z1Q/l3Jhg7MYnzooGqYAZiksX1EwXxvsyv/cJDWnHw==",
      "dependencies": {
        "@psu-ooe/base": "^2.0",
        "@psu-ooe/input-common": "^1.0"
      }
    },
    "node_modules/@psu-ooe/label": {
      "version": "1.0.0",
      "resolved": "https://npm.pkg.github.com/download/@psu-ooe/label/1.0.0/4b3270109accc5b41dfc61c8edc1e0315ecf07a4",
      "integrity": "sha512-L818Rn+jaFKX/LomUTvwPvvbvLDUgP9udIzCNKaDYyI58Od2uKnHHqsdlpFzm3SENV4DaEQb/H42ssrtzA8t5g==",
      "dependencies": {
        "@psu-ooe/base": "^2.0"
      }
    },
    "node_modules/@psu-ooe/legend": {
      "version": "1.0.0",
      "resolved": "https://npm.pkg.github.com/download/@psu-ooe/legend/1.0.0/34905231f4ed437a01ed9a4382fa7727bbbec8ef",
      "integrity": "sha512-Y20wRFRVu4u6ONW0Suodu6OLpG5LeVbbi9xiV2nFUv7lE03XH2OJs6laBJZ7IvzhyZZnkH0Bp+SSFtd9HLVv+A==",
      "dependencies": {
        "@psu-ooe/base": "^2.0"
      }
    },
    "node_modules/@psu-ooe/list": {
      "version": "1.0.0",
      "resolved": "https://npm.pkg.github.com/download/@psu-ooe/list/1.0.0/6d285e56b5618f30e4254d7ee41eb34e7a952798",
      "integrity": "sha512-I8YMqPfs2mQ+sCor0ucsBxFJhPM7fi2aTYnmpw/B93bjM174l/FaLkOChB4j+hlnmkp3Z5DtoAutae/XB5Bseg==",
      "dependencies": {
        "@psu-ooe/base": "^2.0"
      }
    },
    "node_modules/@psu-ooe/navigation-tile": {
      "version": "2.1.1",
      "resolved": "https://npm.pkg.github.com/download/@psu-ooe/navigation-tile/2.1.1/7bafdd4b5624471158f4118e28924d38b2c22ba9",
      "integrity": "sha512-jvFoFx84rZytltFRoOZW5RiigPIyqff5BYjHohxgVqNVB7KG4kdTJH0Su7dLuiQRu6QVFdriechfSZIJPmcw4Q==",
      "dependencies": {
        "@psu-ooe/base": "^2.0",
        "@psu-ooe/sprite": "^2.0"
      }
    },
    "node_modules/@psu-ooe/page-title": {
      "version": "1.0.2",
      "resolved": "https://npm.pkg.github.com/download/@psu-ooe/page-title/1.0.2/0f133bbb9f8dd8844d46b0ac10bc01ff55bc5055",
      "integrity": "sha512-3wbarVLtfHXTTHGqWT6yPjglaVKHYO8SOOxaY5zOl4oDs35OA9mJtIdpz0/NflSzs7Pz3X4oiWI64GKZm5s8Jg==",
      "dependencies": {
        "@psu-ooe/base": "^2.0",
        "@psu-ooe/heading": "^2.0 || ^3.0"
      }
    },
    "node_modules/@psu-ooe/page-title-banner-image": {
      "version": "1.0.0",
      "resolved": "https://npm.pkg.github.com/download/@psu-ooe/page-title-banner-image/1.0.0/d6174d594a589c8bb667906c264479f027776eb3",
      "integrity": "sha512-adZdBjwypVU9jZO1+/kp30q75oOte/GbYShC1uhXjxn6/SLTWz/YbqUp8aenrfIhXj5o5DoPZpmncDf5koVHkg==",
      "dependencies": {
        "@psu-ooe/base": "^2.0",
        "@psu-ooe/page-title": "^1.0",
        "@psu-ooe/sprite": "^2.0"
      }
    },
    "node_modules/@psu-ooe/page-title-banner-plain": {
      "version": "1.0.0",
      "resolved": "https://npm.pkg.github.com/download/@psu-ooe/page-title-banner-plain/1.0.0/44415066cb5e0f94942385cdbef91a82e689a801",
      "integrity": "sha512-rr/SJ52jx3ooR4+llW3UIfslc6Cgkww6dHXwgFAW/7ov5z2UtnvB3DkisjKlnaxgRC6ZTP6UUYMuXx2tttjgWA==",
      "dependencies": {
        "@psu-ooe/base": "^2.0",
        "@psu-ooe/page-title": "^1.0",
        "@psu-ooe/sprite": "^2.0"
      }
    },
    "node_modules/@psu-ooe/physical-address": {
      "version": "1.0.0",
      "resolved": "https://npm.pkg.github.com/download/@psu-ooe/physical-address/1.0.0/67a3d45975dc440475925e67e38434dde665ba1a",
      "integrity": "sha512-Nhhj1XZUqa88UAAMAgcpCjYCgTVWeB+xhABwhKlLJorkSUwFmb7Zup4MQ+YCuzZ/jC3D09P017z8oDWcQpVW0w==",
      "dependencies": {
        "@psu-ooe/base": "^2.0"
      }
    },
    "node_modules/@psu-ooe/read-more": {
      "version": "2.0.2",
      "resolved": "https://npm.pkg.github.com/download/@psu-ooe/read-more/2.0.2/bf704d08d58850b70570f5b41db847b010af233c",
      "integrity": "sha512-8DN0YmpW/trGYulVIvoIKDUoMXq9cbi+VN+GyB+9oJzYkrJ8aDj7uYNUxgEcaQCTRlZNEZBoWPiUMOVwlhfcTA==",
      "dependencies": {
        "@psu-ooe/base": "^2.0",
        "@psu-ooe/sprite": "^2.0"
      }
    },
    "node_modules/@psu-ooe/skip-link": {
      "version": "2.0.2",
      "resolved": "https://npm.pkg.github.com/download/@psu-ooe/skip-link/2.0.2/2cb574c7b59c2eca4354fcca074b8c300b6883ca",
      "integrity": "sha512-bzJAtogftHQtkIWVpS71minWWOJTeUFjefPaQ0wLvo71rBoC0aUaR3LmeMhHTe/zwJW5idpxY6N4UQ5DrDUDwA==",
      "dependencies": {
        "@psu-ooe/base": "^2.6.0"
      }
    },
    "node_modules/@psu-ooe/slide-toggle": {
      "version": "1.0.0",
      "resolved": "https://npm.pkg.github.com/download/@psu-ooe/slide-toggle/1.0.0/73c8bed8b5787a9c5120b05a600d4dea9e484493",
      "integrity": "sha512-NEChfGK8yR+ZgNtYuGMds/aSO0TY5KwiSs+kQB+NHFJTKoI3zAs9wyjVOBONbDED6KX/n19fDgBdwQACBphxMA=="
    },
    "node_modules/@psu-ooe/smart-datetime": {
      "version": "1.0.1",
      "resolved": "https://npm.pkg.github.com/download/@psu-ooe/smart-datetime/1.0.1/20b73f584eadc272c2545deef166cc58b801f718",
      "integrity": "sha512-00kPn2/bDwhIcYk1zM1S44dofeLA2ZuHVwPmBOmElc+OqE4MSOlhJxKpInkq8UajQOPXOH42nfCHmY/0kH85pA==",
      "dependencies": {
        "@psu-ooe/base": "^1.0 || ^2.0"
      }
    },
    "node_modules/@psu-ooe/social-icon": {
      "version": "2.0.1",
      "resolved": "https://npm.pkg.github.com/download/@psu-ooe/social-icon/2.0.1/e6ff3548858241979e84b9b7bc5ad72cad5eb9ba",
      "integrity": "sha512-1pVqDsgYBTFuFIpgBIu0QAN9bw4uGs3hqSeicgOFHUAkmoU0gloJwcnTdtpqKMTbENbszjWSHPGT0KPGWPSE6A==",
      "dependencies": {
        "@psu-ooe/base": "^2.0",
        "@psu-ooe/sprite": "^2.0"
      }
    },
    "node_modules/@psu-ooe/social-icons": {
      "version": "2.0.0",
      "resolved": "https://npm.pkg.github.com/download/@psu-ooe/social-icons/2.0.0/09a60e106cc8539b6df8cfd5f143cb64a7fa97f2",
      "integrity": "sha512-W9Kq3NskmSLO0+8s5EeDQJLnT8LkNNtCJQiNIZXAh59+YSRu8Xzp6Zh/FuTN+NuCGGILu+owaGeYvKKNLkximw==",
      "dependencies": {
        "@psu-ooe/base": "^2.0",
        "@psu-ooe/social-icon": "^2.0"
      }
    },
    "node_modules/@psu-ooe/sprite": {
      "version": "2.1.0",
      "resolved": "https://npm.pkg.github.com/download/@psu-ooe/sprite/2.1.0/83054c082ab3b1619b1221869812d4b5a2e0bd71",
      "integrity": "sha512-OPXgZr7hC74LqNQyOOMe8gzGMS/Tl9a5Qs/cnjasdpSQjYsZQ6mfUGeh+Z/nlXzk6j0sboXJxPESV4U/3wp1Kg==",
      "dependencies": {
        "@psu-ooe/base": "^2.0"
      }
    },
    "node_modules/@psu-ooe/tabs": {
      "version": "3.1.0",
      "resolved": "https://npm.pkg.github.com/download/@psu-ooe/tabs/3.1.0/855174c01f1e1eda289ba90b8d9b42043d30d11c",
      "integrity": "sha512-a0g+HAHQax8Xmk5TKPOSpS1k8k8oXnZvqinI13TGpLSphO2heKM2SmMtfhe5u1wg0RqHf0OoIdL86/yRfWqqoA==",
      "dependencies": {
        "@psu-ooe/base": "^2.0",
        "@psu-ooe/flex-wrap-listener": "^1.0"
      }
    },
    "node_modules/@psu-ooe/vertical-menu": {
      "version": "2.1.0",
      "resolved": "https://npm.pkg.github.com/download/@psu-ooe/vertical-menu/2.1.0/cfbf4d17dd1f8b760b55ae89391ec2ae61fd113e",
      "integrity": "sha512-5pTMMQ0ieFUl5/jaYrfgV4jk/iE2aj/DcttrfqYa8hhyUsF2GL0OWS5SCxXoxsYFhjB8TabMkoY5kXtJd95/hA==",
      "dependencies": {
        "@psu-ooe/base": "^2.0",
        "@psu-ooe/slide-toggle": "^1.0",
        "@psu-ooe/sprite": "^2.0"
      }
    },
    "node_modules/@psu-ooe/webfonts": {
      "version": "2.0.1",
      "resolved": "https://npm.pkg.github.com/download/@psu-ooe/webfonts/2.0.1/89907b9541c96fa553c8573e9cd2a92e7790e102",
      "integrity": "sha512-edfi2X5UrVoW6rYaAeilrNB7AHGZxmgeUro9gS3d0sSVWMBt2I+HIYKlrm+n7cVEBzqZrPLv0DHeHQHnKbDsfw=="
    }
  }
}
